
Microsoft Visual Studio Solution File, Format Version 12.00
# Visual Studio Version 16
VisualStudioVersion = 16.0.29806.167
MinimumVisualStudioVersion = 10.0.40219.1
Project("{9A19103F-16F7-4668-BE54-9A1E7A4F7556}") = "TodoService.Domain", "TodoService.Domain\TodoService.Domain.csproj", "{08A0946E-3917-4788-97FE-16B17E61F2A2}"
EndProject
Project("{9A19103F-16F7-4668-BE54-9A1E7A4F7556}") = "TodoService.Infrastructure", "TodoService.Infrastructure\TodoService.Infrastructure.csproj", "{1B3291C8-FAC1-4EA9-B21B-6EC799D52CE2}"
EndProject
Project("{9A19103F-16F7-4668-BE54-9A1E7A4F7556}") = "TodoService.App", "TodoService.App\TodoService.App.csproj", "{120FCE6F-DC15-44A3-8725-F778D18D15A5}"
EndProject
Project("{9A19103F-16F7-4668-BE54-9A1E7A4F7556}") = "TodoService.API", "TodoService.API\TodoService.API.csproj", "{30CE19FD-6DB3-4C16-A8E6-55FEDDD3731B}"
EndProject
Project("{FAE04EC0-301F-11D3-BF4B-00C04F79EFBC}") = "TodoService.Identity", "TodoService.Identity\TodoService.Identity.csproj", "{AA3A2533-6C2D-463E-8844-DC2EDEC0ECF3}"
EndProject
Global
	GlobalSection(SolutionConfigurationPlatforms) = preSolution
		Debug|Any CPU = Debug|Any CPU
		Release|Any CPU = Release|Any CPU
	EndGlobalSection
	GlobalSection(ProjectConfigurationPlatforms) = postSolution
		{08A0946E-3917-4788-97FE-16B17E61F2A2}.Debug|Any CPU.ActiveCfg = Debug|Any CPU
		{08A0946E-3917-4788-97FE-16B17E61F2A2}.Debug|Any CPU.Build.0 = Debug|Any CPU
		{08A0946E-3917-4788-97FE-16B17E61F2A2}.Release|Any CPU.ActiveCfg = Release|Any CPU
		{08A0946E-3917-4788-97FE-16B17E61F2A2}.Release|Any CPU.Build.0 = Release|Any CPU
		{1B3291C8-FAC1-4EA9-B21B-6EC799D52CE2}.Debug|Any CPU.ActiveCfg = Debug|Any CPU
		{1B3291C8-FAC1-4EA9-B21B-6EC799D52CE2}.Debug|Any CPU.Build.0 = Debug|Any CPU
		{1B3291C8-FAC1-4EA9-B21B-6EC799D52CE2}.Release|Any CPU.ActiveCfg = Release|Any CPU
		{1B3291C8-FAC1-4EA9-B21B-6EC799D52CE2}.Release|Any CPU.Build.0 = Release|Any CPU
		{120FCE6F-DC15-44A3-8725-F778D18D15A5}.Debug|Any CPU.ActiveCfg = Debug|Any CPU
		{120FCE6F-DC15-44A3-8725-F778D18D15A5}.Debug|Any CPU.Build.0 = Debug|Any CPU
		{120FCE6F-DC15-44A3-8725-F778D18D15A5}.Release|Any CPU.ActiveCfg = Release|Any CPU
		{120FCE6F-DC15-44A3-8725-F778D18D15A5}.Release|Any CPU.Build.0 = Release|Any CPU
		{30CE19FD-6DB3-4C16-A8E6-55FEDDD3731B}.Debug|Any CPU.ActiveCfg = Debug|Any CPU
		{30CE19FD-6DB3-4C16-A8E6-55FEDDD3731B}.Debug|Any CPU.Build.0 = Debug|Any CPU
		{30CE19FD-6DB3-4C16-A8E6-55FEDDD3731B}.Release|Any CPU.ActiveCfg = Release|Any CPU
		{30CE19FD-6DB3-4C16-A8E6-55FEDDD3731B}.Release|Any CPU.Build.0 = Release|Any CPU
		{AA3A2533-6C2D-463E-8844-DC2EDEC0ECF3}.Debug|Any CPU.ActiveCfg = Debug|Any CPU
		{AA3A2533-6C2D-463E-8844-DC2EDEC0ECF3}.Debug|Any CPU.Build.0 = Debug|Any CPU
		{AA3A2533-6C2D-463E-8844-DC2EDEC0ECF3}.Release|Any CPU.ActiveCfg = Release|Any CPU
		{AA3A2533-6C2D-463E-8844-DC2EDEC0ECF3}.Release|Any CPU.Build.0 = Release|Any CPU
	EndGlobalSection
	GlobalSection(SolutionProperties) = preSolution
		HideSolutionNode = FALSE
	EndGlobalSection
	GlobalSection(ExtensibilityGlobals) = postSolution
		SolutionGuid = {73A52070-AC4A-4295-B99D-8585904DD978}
	EndGlobalSection
EndGlobal
